// !$*UTF8*$!
{
	archiveVersion = 1;
	classes = {
	};
	objectVersion = 48;
	objects = {

/* Begin PBXBuildFile section */
		02489E8A1F1F5401001E7113 /* AppDelegate.swift in Sources */ = {isa = PBXBuildFile; fileRef = 02489E891F1F5401001E7113 /* AppDelegate.swift */; };
		02489E8C1F1F5401001E7113 /* ViewController.swift in Sources */ = {isa = PBXBuildFile; fileRef = 02489E8B1F1F5401001E7113 /* ViewController.swift */; };
		02489E8F1F1F5401001E7113 /* Main.storyboard in Resources */ = {isa = PBXBuildFile; fileRef = 02489E8D1F1F5401001E7113 /* Main.storyboard */; };
		02489E911F1F5401001E7113 /* Assets.xcassets in Resources */ = {isa = PBXBuildFile; fileRef = 02489E901F1F5401001E7113 /* Assets.xcassets */; };
		02489E941F1F5401001E7113 /* LaunchScreen.storyboard in Resources */ = {isa = PBXBuildFile; fileRef = 02489E921F1F5401001E7113 /* LaunchScreen.storyboard */; };
		02B72BA11F20A3C900A44581 /* NSLayoutAnchor.swift in Sources */ = {isa = PBXBuildFile; fileRef = 02B72BA01F20A3C900A44581 /* NSLayoutAnchor.swift */; };
		02DD88531FF5E60B00FC0704 /* ZHPlayer.swift in Sources */ = {isa = PBXBuildFile; fileRef = 02DD88521FF5E60B00FC0704 /* ZHPlayer.swift */; };
/* End PBXBuildFile section */

/* Begin PBXFileReference section */
		02489E861F1F5401001E7113 /* AVPlayer.app */ = {isa = PBXFileReference; explicitFileType = wrapper.application; includeInIndex = 0; path = AVPlayer.app; sourceTree = BUILT_PRODUCTS_DIR; };
		02489E891F1F5401001E7113 /* AppDelegate.swift */ = {isa = PBXFileReference; lastKnownFileType = sourcecode.swift; path = AppDelegate.swift; sourceTree = "<group>"; };
		02489E8B1F1F5401001E7113 /* ViewController.swift */ = {isa = PBXFileReference; lastKnownFileType = sourcecode.swift; path = ViewController.swift; sourceTree = "<group>"; };
		02489E8E1F1F5401001E7113 /* Base */ = {isa = PBXFileReference; lastKnownFileType = file.storyboard; name = Base; path = Base.lproj/Main.storyboard; sourceTree = "<group>"; };
		02489E901F1F5401001E7113 /* Assets.xcassets */ = {isa = PBXFileReference; lastKnownFileType = folder.assetcatalog; path = Assets.xcassets; sourceTree = "<group>"; };
		02489E931F1F5401001E7113 /* Base */ = {isa = PBXFileReference; lastKnownFileType = file.storyboard; name = Base; path = Base.lproj/LaunchScreen.storyboard; sourceTree = "<group>"; };
		02489E951F1F5401001E7113 /* Info.plist */ = {isa = PBXFileReference; lastKnownFileType = text.plist.xml; path = Info.plist; sourceTree = "<group>"; };
		02B72BA01F20A3C900A44581 /* NSLayoutAnchor.swift */ = {isa = PBXFileReference; lastKnownFileType = sourcecode.swift; path = NSLayoutAnchor.swift; sourceTree = "<group>"; };
		02DD88521FF5E60B00FC0704 /* ZHPlayer.swift */ = {isa = PBXFileReference; fileEncoding = 4; lastKnownFileType = sourcecode.swift; path = ZHPlayer.swift; sourceTree = "<group>"; };
/* End PBXFileReference section */

/* Begin PBXFrameworksBuildPhase section */
		02489E831F1F5401001E7113 /* Frameworks */ = {
			isa = PBXFrameworksBuildPhase;
			buildActionMask = 2147483647;
			files = (
			);
			runOnlyForDeploymentPostprocessing = 0;
		};
/* End PBXFrameworksBuildPhase section */

/* Begin PBXGroup section */
		02489E7D1F1F5401001E7113 = {
			isa = PBXGroup;
			children = (
				02489E881F1F5401001E7113 /* AVPlayer */,
				02489E871F1F5401001E7113 /* Products */,
			);
			sourceTree = "<group>";
		};
		02489E871F1F5401001E7113 /* Products */ = {
			isa = PBXGroup;
			children = (
				02489E861F1F5401001E7113 /* AVPlayer.app */,
			);
			name = Products;
			sourceTree = "<group>";
		};
		02489E881F1F5401001E7113 /* AVPlayer */ = {
			isa = PBXGroup;
			children = (
				02489E891F1F5401001E7113 /* AppDelegate.swift */,
				02489E8B1F1F5401001E7113 /* ViewController.swift */,
				02DD88521FF5E60B00FC0704 /* ZHPlayer.swift */,
				02B72BA01F20A3C900A44581 /* NSLayoutAnchor.swift */,
				02489E8D1F1F5401001E7113 /* Main.storyboard */,
				02489E901F1F5401001E7113 /* Assets.xcassets */,
				02489E921F1F5401001E7113 /* LaunchScreen.storyboard */,
				02489E951F1F5401001E7113 /* Info.plist */,
			);
			path = AVPlayer;
			sourceTree = "<group>";
		};
/* End PBXGroup section */

/* Begin PBXNativeTarget section */
		02489E851F1F5401001E7113 /* AVPlayer */ = {
			isa = PBXNativeTarget;
			buildConfigurationList = 02489E981F1F5401001E7113 /* Build configuration list for PBXNativeTarget "AVPlayer" */;
			buildPhases = (
				02489E821F1F5401001E7113 /* Sources */,
				02489E831F1F5401001E7113 /* Frameworks */,
				02489E841F1F5401001E7113 /* Resources */,
			);
			buildRules = (
			);
			dependencies = (
			);
			name = AVPlayer;
			productName = AVPlayer;
			productReference = 02489E861F1F5401001E7113 /* AVPlayer.app */;
			productType = "com.apple.product-type.application";
		};
/* End PBXNativeTarget section */

/* Begin PBXProject section */
		02489E7E1F1F5401001E7113 /* Project object */ = {
			isa = PBXProject;
			attributes = {
				LastSwiftUpdateCheck = 0900;
				LastUpgradeCheck = 0900;
				ORGANIZATIONNAME = "ZhiHua Shen";
				TargetAttributes = {
					02489E851F1F5401001E7113 = {
						CreatedOnToolsVersion = 9.0;
					};
				};
			};
			buildConfigurationList = 02489E811F1F5401001E7113 /* Build configuration list for PBXProject "AVPlayer" */;
			compatibilityVersion = "Xcode 8.0";
			developmentRegion = en;
			hasScannedForEncodings = 0;
			knownRegions = (
				en,
				Base,
			);
			mainGroup = 02489E7D1F1F5401001E7113;
			productRefGroup = 02489E871F1F5401001E7113 /* Products */;
			projectDirPath = "";
			projectRoot = "";
			targets = (
				02489E851F1F5401001E7113 /* AVPlayer */,
			);
		};
/* End PBXProject section */

/* Begin PBXResourcesBuildPhase section */
		02489E841F1F5401001E7113 /* Resources */ = {
			isa = PBXResourcesBuildPhase;
			buildActionMask = 2147483647;
			files = (
				02489E941F1F5401001E7113 /* LaunchScreen.storyboard in Resources */,
				02489E911F1F5401001E7113 /* Assets.xcassets in Resources */,
				02489E8F1F1F5401001E7113 /* Main.storyboard in Resources */,
			);
			runOnlyForDeploymentPostprocessing = 0;
		};
/* End PBXResourcesBuildPhase section */

/* Begin PBXSourcesBuildPhase section */
		02489E821F1F5401001E7113 /* Sources */ = {
			isa = PBXSourcesBuildPhase;
			buildActionMask = 2147483647;
			files = (
				02DD88531FF5E60B00FC0704 /* ZHPlayer.swift in Sources */,
				02489E8C1F1F5401001E7113 /* ViewController.swift in Sources */,
				02B72BA11F20A3C900A44581 /* NSLayoutAnchor.swift in Sources */,
				02489E8A1F1F5401001E7113 /* AppDelegate.swift in Sources */,
			);
			runOnlyForDeploymentPostprocessing = 0;
		};
/* End PBXSourcesBuildPhase section */

/* Begin PBXVariantGroup section */
		02489E8D1F1F5401001E7113 /* Main.storyboard */ = {
			isa = PBXVariantGroup;
			children = (
				02489E8E1F1F5401001E7113 /* Base */,
			);
			name = Main.storyboard;
			sourceTree = "<group>";
		};
		02489E921F1F5401001E7113 /* LaunchScreen.storyboard */ = {
			isa = PBXVariantGroup;
			children = (
				02489E931F1F5401001E7113 /* Base */,
			);
			name = LaunchScreen.storyboard;
			sourceTree = "<group>";
		};
/* End PBXVariantGroup section */

/* Begin XCBuildConfiguration section */
		02489E961F1F5401001E7113 /* Debug */ = {
			isa = XCBuildConfiguration;
			buildSettings = {
				ALWAYS_SEARCH_USER_PATHS = NO;
				CLANG_ANALYZER_NONNULL = YES;
				CLANG_ANALYZER_NUMBER_OBJECT_CONVERSION = YES_AGGRESSIVE;
				CLANG_CXX_LANGUAGE_STANDARD = "gnu++14";
				CLANG_CXX_LIBRARY = "libc++";
				CLANG_ENABLE_MODULES = YES;
				CLANG_ENABLE_OBJC_ARC = YES;
				CLANG_WARN_BLOCK_CAPTURE_AUTORELEASING = YES;
				CLANG_WARN_BOOL_CONVERSION = YES;
				CLANG_WARN_COMMA = YES;
				CLANG_WARN_CONSTANT_CONVERSION = YES;
				CLANG_WARN_DIRECT_OBJC_ISA_USAGE = YES_ERROR;
				CLANG_WARN_DOCUMENTATION_COMMENTS = YES;
				CLANG_WARN_EMPTY_BODY = YES;
				CLANG_WARN_ENUM_CONVERSION = YES;
				CLANG_WARN_INFINITE_RECURSION = YES;
				CLANG_WARN_INT_CONVERSION = YES;
				CLANG_WARN_NON_LITERAL_NULL_CONVERSION = YES;
				CLANG_WARN_OBJC_LITERAL_CONVERSION = YES;
				CLANG_WARN_OBJC_ROOT_CLASS = YES_ERROR;
				CLANG_WARN_RANGE_LOOP_ANALYSIS = YES;
				CLANG_WARN_STRICT_PROTOTYPES = YES;
				CLANG_WARN_SUSPICIOUS_MOVE = YES;
				CLANG_WARN_UNGUARDED_AVAILABILITY = YES_AGGRESSIVE;
				CLANG_WARN_UNREACHABLE_CODE = YES;
				CLANG_WARN__DUPLICATE_METHOD_MATCH = YES;
				CODE_SIGN_IDENTITY = "iPhone Developer";
				COPY_PHASE_STRIP = NO;
				DEBUG_INFORMATION_FORMAT = dwarf;
				ENABLE_STRICT_OBJC_MSGSEND = YES;
				ENABLE_TESTABILITY = YES;
				GCC_C_LANGUAGE_STANDARD = gnu11;
				GCC_DYNAMIC_NO_PIC = NO;
				GCC_NO_COMMON_BLOCKS = YES;
				GCC_OPTIMIZATION_LEVEL = 0;
				GCC_PREPROCESSOR_DEFINITIONS = (
					"DEBUG=1",
					"$(inherited)",
				);
				GCC_WARN_64_TO_32_BIT_CONVERSION = YES;
				GCC_WARN_ABOUT_RETURN_TYPE = YES_ERROR;
				GCC_WARN_UNDECLARED_SELECTOR = YES;
				GCC_WARN_UNINITIALIZED_AUTOS = YES_AGGRESSIVE;
				GCC_WARN_UNUSED_FUNCTION = YES;
				GCC_WARN_UNUSED_VARIABLE = YES;
				IPHONEOS_DEPLOYMENT_TARGET = 11.0;
				MTL_ENABLE_DEBUG_INFO = YES;
				ONLY_ACTIVE_ARCH = YES;
				SDKROOT = iphoneos;
				SWIFT_ACTIVE_COMPILATION_CONDITIONS = DEBUG;
				SWIFT_OPTIMIZATION_LEVEL = "-Onone";
			};
			name = Debug;
		};
		02489E971F1F5401001E7113 /* Release */ = {
			isa = XCBuildConfiguration;
			buildSettings = {
				ALWAYS_SEARCH_USER_PATHS = NO;
				CLANG_ANALYZER_NONNULL = YES;
				CLANG_ANALYZER_NUMBER_OBJECT_CONVERSION = YES_AGGRESSIVE;
				CLANG_CXX_LANGUAGE_STANDARD = "gnu++14";
				CLANG_CXX_LIBRARY = "libc++";
				CLANG_ENABLE_MODULES = YES;
				CLANG_ENABLE_OBJC_ARC = YES;
				CLANG_WARN_BLOCK_CAPTURE_AUTORELEASING = YES;
				CLANG_WARN_BOOL_CONVERSION = YES;
				CLANG_WARN_COMMA = YES;
				CLANG_WARN_CONSTANT_CONVERSION = YES;
				CLANG_WARN_DIRECT_OBJC_ISA_USAGE = YES_ERROR;
				CLANG_WARN_DOCUMENTATION_COMMENTS = YES;
				CLANG_WARN_EMPTY_BODY = YES;
				CLANG_WARN_ENUM_CONVERSION = YES;
				CLANG_WARN_INFINITE_RECURSION = YES;
				CLANG_WARN_INT_CONVERSION = YES;
				CLANG_WARN_NON_LITERAL_NULL_CONVERSION = YES;
				CLANG_WARN_OBJC_LITERAL_CONVERSION = YES;
				CLANG_WARN_OBJC_ROOT_CLASS = YES_ERROR;
				CLANG_WARN_RANGE_LOOP_ANALYSIS = YES;
				CLANG_WARN_STRICT_PROTOTYPES = YES;
				CLANG_WARN_SUSPICIOUS_MOVE = YES;
				CLANG_WARN_UNGUARDED_AVAILABILITY = YES_AGGRESSIVE;
				CLANG_WARN_UNREACHABLE_CODE = YES;
				CLANG_WARN__DUPLICATE_METHOD_MATCH = YES;
				CODE_SIGN_IDENTITY = "iPhone Developer";
				COPY_PHASE_STRIP = NO;
				DEBUG_INFORMATION_FORMAT = "dwarf-with-dsym";
				ENABLE_NS_ASSERTIONS = NO;
				ENABLE_STRICT_OBJC_MSGSEND = YES;
				GCC_C_LANGUAGE_STANDARD = gnu11;
				GCC_NO_COMMON_BLOCKS = YES;
				GCC_WARN_64_TO_32_BIT_CONVERSION = YES;
				GCC_WARN_ABOUT_RETURN_TYPE = YES_ERROR;
				GCC_WARN_UNDECLARED_SELECTOR = YES;
				GCC_WARN_UNINITIALIZED_AUTOS = YES_AGGRESSIVE;
				GCC_WARN_UNUSED_FUNCTION = YES;
				GCC_WARN_UNUSED_VARIABLE = YES;
				IPHONEOS_DEPLOYMENT_TARGET = 11.0;
				MTL_ENABLE_DEBUG_INFO = NO;
				SDKROOT = iphoneos;
				SWIFT_OPTIMIZATION_LEVEL = "-Owholemodule";
				VALIDATE_PRODUCT = YES;
			};
			name = Release;
		};
		02489E991F1F5401001E7113 /* Debug */ = {
			isa = XCBuildConfiguration;
			buildSettings = {
				ASSETCATALOG_COMPILER_APPICON_NAME = AppIcon;
				DEVELOPMENT_TEAM = S2PRN5RUXV;
				INFOPLIST_FILE = AVPlayer/Info.plist;
				IPHONEOS_DEPLOYMENT_TARGET = 10.0;
				LD_RUNPATH_SEARCH_PATHS = "$(inherited) @executable_path/Frameworks";
				PRODUCT_BUNDLE_IDENTIFIER = com.gangmian.AVPlayer;
				PRODUCT_NAME = "$(TARGET_NAME)";
				SWIFT_VERSION = 4.0;
				TARGETED_DEVICE_FAMILY = "1,2";
			};
			name = Debug;
		};
		02489E9A1F1F5401001E7113 /* Release */ = {
			isa = XCBuildConfiguration;
			buildSettings = {
				ASSETCATALOG_COMPILER_APPICON_NAME = AppIcon;
				DEVELOPMENT_TEAM = S2PRN5RUXV;
				INFOPLIST_FILE = AVPlayer/Info.plist;
				IPHONEOS_DEPLOYMENT_TARGET = 10.0;
				LD_RUNPATH_SEARCH_PATHS = "$(inherited) @executable_path/Frameworks";
				PRODUCT_BUNDLE_IDENTIFIER = com.gangmian.AVPlayer;
				PRODUCT_NAME = "$(TARGET_NAME)";
				SWIFT_VERSION = 4.0;
				TARGETED_DEVICE_FAMILY = "1,2";
			};
			name = Release;
		};
/* End XCBuildConfiguration section */

/* Begin XCConfigurationList section */
		02489E811F1F5401001E7113 /* Build configuration list for PBXProject "AVPlayer" */ = {
			isa = XCConfigurationList;
			buildConfigurations = (
				02489E961F1F5401001E7113 /* Debug */,
				02489E971F1F5401001E7113 /* Release */,
			);
			defaultConfigurationIsVisible = 0;
			defaultConfigurationName = Release;
		};
		02489E981F1F5401001E7113 /* Build configuration list for PBXNativeTarget "AVPlayer" */ = {
			isa = XCConfigurationList;
			buildConfigurations = (
				02489E991F1F5401001E7113 /* Debug */,
				02489E9A1F1F5401001E7113 /* Release */,
			);
			defaultConfigurationIsVisible = 0;
			defaultConfigurationName = Release;
		};
/* End XCConfigurationList section */
	};
	rootObject = 02489E7E1F1F5401001E7113 /* Project object */;
}
